<?xml version="1.0" encoding="utf-8"?>
<Project ToolsVersion="4.0" xmlns="http://schemas.microsoft.com/developer/msbuild/2003">
  <ItemGroup>
    <ClInclude Include="src\Bolt\Core\Core.h" />
    <ClInclude Include="src\Bolt\Core\Application.h" />
    <ClInclude Include="src\Bolt.h" />
    <ClInclude Include="src\Bolt\Core\Timer.h" />
    <ClInclude Include="src\Bolt\Core\Time.h" />
    <ClInclude Include="src\Bolt\Vulkan\Vk_Internal_Components.h" />
    <ClInclude Include="src\Bolt\Vulkan\Vk_Renderer.h" />
    <ClInclude Include="src\Bolt\Vulkan\Vk_Descriptor_Allocator.h" />
    <ClInclude Include="src\Bolt\Vulkan\Vk_Assist.h" />
    <ClInclude Include="src\Bolt\Core\Assert.h" />
    <ClInclude Include="src\Bolt\Vulkan\Vk_Resources.h" />
    <ClInclude Include="src\Bolt\Core\App_Init_Params.h" />
    <ClInclude Include="src\Bolt\Core\Input.h" />
    <ClInclude Include="src\Bolt\Core\Assets.h" />
    <ClInclude Include="src\Bolt\Vulkan\Renderer_Resource_Factory.h" />
    <ClInclude Include="src\Bolt\Core\Obj_Loader.h" />
    <ClInclude Include="src\Bolt\Core\Assets_Resource_Injector.h" />
    <ClInclude Include="src\Bolt\Vulkan\Vk_Render_Objects.h" />
    <ClInclude Include="src\Bolt\Core\Component_System.h" />
    <ClInclude Include="src\Bolt\Core\Layer.h" />
    <ClInclude Include="src\Bolt\Core\Build_In_Components.h" />
    <ClInclude Include="src\Bolt\Vulkan\Render_Submissions.h" />
    <ClInclude Include="src\Bolt\Core\Bolt_Types.h" />
    <ClInclude Include="src\Bolt\Core\Maths.h" />
    <ClInclude Include="src\Bolt\Core\Key_Codes.h" />
  </ItemGroup>
  <ItemGroup>
    <ClCompile Include="src\Bolt\Core\Application.cpp" />
    <ClCompile Include="src\Bolt\Vulkan\Vk_Renderer.cpp" />
    <ClCompile Include="src\Bolt\Vulkan\Vk_Descriptor_Allocator.cpp" />
    <ClCompile Include="src\Bolt\Vulkan\Vk_Assist.cpp" />
    <ClCompile Include="src\Bolt\Vulkan\Vk_Resources.cpp" />
    <ClCompile Include="src\Bolt\Core\Obj_Loader.cpp" />
    <ClCompile Include="src\Bolt\Core\Assets.cpp" />
    <ClCompile Include="src\Bolt\Vulkan\Vk_Render_Objects.cpp" />
    <ClCompile Include="src\Bolt\Core\Layer.cpp" />
    <ClCompile Include="src\Bolt\Vulkan\Render_Submissions.cpp" />
    <ClCompile Include="src\Bolt\Core\Input.cpp" />
  </ItemGroup>
</Project>